
Microsoft Visual Studio Solution File, Format Version 12.00
# Visual Studio Version 17
VisualStudioVersion = 17.7.34024.191
MinimumVisualStudioVersion = 10.0.40219.1
Project("{FAE04EC0-301F-11D3-BF4B-00C04F79EFBC}") = "HospitalManagementSystem", "HospitalManagementSystem.csproj", "{D1FDB45D-4A5C-4193-80C8-BD5DCBCFCDDD}"
EndProject
Global
	GlobalSection(SolutionConfigurationPlatforms) = preSolution
		Debug|Any CPU = Debug|Any CPU
		Release|Any CPU = Release|Any CPU
	EndGlobalSection
	GlobalSection(ProjectConfigurationPlatforms) = postSolution
		{D1FDB45D-4A5C-4193-80C8-BD5DCBCFCDDD}.Debug|Any CPU.ActiveCfg = Debug|Any CPU
		{D1FDB45D-4A5C-4193-80C8-BD5DCBCFCDDD}.Debug|Any CPU.Build.0 = Debug|Any CPU
		{D1FDB45D-4A5C-4193-80C8-BD5DCBCFCDDD}.Release|Any CPU.ActiveCfg = Release|Any CPU
		{D1FDB45D-4A5C-4193-80C8-BD5DCBCFCDDD}.Release|Any CPU.Build.0 = Release|Any CPU
	EndGlobalSection
	GlobalSection(SolutionProperties) = preSolution
		HideSolutionNode = FALSE
	EndGlobalSection
	GlobalSection(ExtensibilityGlobals) = postSolution
		SolutionGuid = {8C5D6A05-63D3-4983-B069-879E4C6089D1}
	EndGlobalSection
EndGlobal
